
Microsoft Visual Studio Solution File, Format Version 12.00
# Visual Studio 14
VisualStudioVersion = 14.0.23107.0
MinimumVisualStudioVersion = 10.0.40219.1
Project("{FAE04EC0-301F-11D3-BF4B-00C04F79EFBC}") = "MtgPairings", "MtgPairings\MtgPairings.csproj", "{86CFDBF2-7695-400F-9812-4654B89A5541}"
EndProject
Project("{FAE04EC0-301F-11D3-BF4B-00C04F79EFBC}") = "MtgPairingsTest", "MtgPairingsTest\MtgPairingsTest.csproj", "{F313F170-7294-4D69-9713-117A5B4129D4}"
EndProject
Global
	GlobalSection(SolutionConfigurationPlatforms) = preSolution
		Debug|Any CPU = Debug|Any CPU
		Release|Any CPU = Release|Any CPU
	EndGlobalSection
	GlobalSection(ProjectConfigurationPlatforms) = postSolution
		{86CFDBF2-7695-400F-9812-4654B89A5541}.Debug|Any CPU.ActiveCfg = Debug|Any CPU
		{86CFDBF2-7695-400F-9812-4654B89A5541}.Debug|Any CPU.Build.0 = Debug|Any CPU
		{86CFDBF2-7695-400F-9812-4654B89A5541}.Release|Any CPU.ActiveCfg = Debug|Any CPU
		{86CFDBF2-7695-400F-9812-4654B89A5541}.Release|Any CPU.Build.0 = Debug|Any CPU
		{F313F170-7294-4D69-9713-117A5B4129D4}.Debug|Any CPU.ActiveCfg = Debug|Any CPU
		{F313F170-7294-4D69-9713-117A5B4129D4}.Debug|Any CPU.Build.0 = Debug|Any CPU
		{F313F170-7294-4D69-9713-117A5B4129D4}.Release|Any CPU.ActiveCfg = Debug|Any CPU
		{F313F170-7294-4D69-9713-117A5B4129D4}.Release|Any CPU.Build.0 = Debug|Any CPU
	EndGlobalSection
	GlobalSection(SolutionProperties) = preSolution
		HideSolutionNode = FALSE
	EndGlobalSection
EndGlobal
